github.com/jszwec/csvutil v1.2.1 h1:9+vmGqMdYxIbeDmVbTrVryibx2izwHAfKdPwl4GPNHM=
github.com/jszwec/csvutil v1.2.1/go.mod h1:8YHz6C3KVdIeCxLMvwbbIVDCTA/Wi2df93AZlQNaE2U=
github.com/pkg/errors v0.8.1 h1:iURUrRGxPUNPdy5/HRSm+Yj6okJ6UtLINN0Q9M4+h3I=
github.com/pkg/errors v0.8.1/go.mod h1:bwawxfHBFNV+L2hUp1rHADufV3IMtnDRdf1r5NINEl0=
